// !$*UTF8*$!
{
	archiveVersion = 1;
	classes = {
	};
	objectVersion = 50;
	objects = {

/* Begin PBXBuildFile section */
		95434841228D0FDF0060CBFF /* Demo_Rule30_VC_Tests.swift in Sources */ = {isa = PBXBuildFile; fileRef = 9543483F228D0DBC0060CBFF /* Demo_Rule30_VC_Tests.swift */; };
		95434844228E479C0060CBFF /* Demo_Rule30_CPV_Tests.swift in Sources */ = {isa = PBXBuildFile; fileRef = 95434842228E47870060CBFF /* Demo_Rule30_CPV_Tests.swift */; };
		9543484C228E53A20060CBFF /* Demo_Rule30_UI_Tests.swift in Sources */ = {isa = PBXBuildFile; fileRef = 9543484B228E53A20060CBFF /* Demo_Rule30_UI_Tests.swift */; };
		95BCDD9A209B8BA3008BA3A3 /* TableViewCell.swift in Sources */ = {isa = PBXBuildFile; fileRef = 95BCDD99209B8BA3008BA3A3 /* TableViewCell.swift */; };
		95BCDD9C209BE63D008BA3A3 /* ColorPickerView.swift in Sources */ = {isa = PBXBuildFile; fileRef = 95BCDD9B209BE63D008BA3A3 /* ColorPickerView.swift */; };
		95E3A3B0209B54F90058239F /* AppDelegate.swift in Sources */ = {isa = PBXBuildFile; fileRef = 95E3A3AF209B54F90058239F /* AppDelegate.swift */; };
		95E3A3B2209B54F90058239F /* ViewController.swift in Sources */ = {isa = PBXBuildFile; fileRef = 95E3A3B1209B54F90058239F /* ViewController.swift */; };
		95E3A3B5209B54F90058239F /* Main.storyboard in Resources */ = {isa = PBXBuildFile; fileRef = 95E3A3B3209B54F90058239F /* Main.storyboard */; };
		95E3A3B7209B54FB0058239F /* Assets.xcassets in Resources */ = {isa = PBXBuildFile; fileRef = 95E3A3B6209B54FB0058239F /* Assets.xcassets */; };
		95E3A3BA209B54FB0058239F /* LaunchScreen.storyboard in Resources */ = {isa = PBXBuildFile; fileRef = 95E3A3B8209B54FB0058239F /* LaunchScreen.storyboard */; };
		95E3A3C5209B54FC0058239F /* Demo_Rule30_Model_Tests.swift in Sources */ = {isa = PBXBuildFile; fileRef = 95E3A3C4209B54FC0058239F /* Demo_Rule30_Model_Tests.swift */; };
		95E3A3D3209B561B0058239F /* Rule30Model.swift in Sources */ = {isa = PBXBuildFile; fileRef = 95E3A3D2209B561B0058239F /* Rule30Model.swift */; };
		95E3A3D6209B57780058239F /* Rule30ModelProtocol.swift in Sources */ = {isa = PBXBuildFile; fileRef = 95E3A3D5209B57780058239F /* Rule30ModelProtocol.swift */; };
/* End PBXBuildFile section */

/* Begin PBXContainerItemProxy section */
		9543484E228E53A20060CBFF /* PBXContainerItemProxy */ = {
			isa = PBXContainerItemProxy;
			containerPortal = 95E3A3A4209B54F90058239F /* Project object */;
			proxyType = 1;
			remoteGlobalIDString = 95E3A3AB209B54F90058239F;
			remoteInfo = Demo_Rule30;
		};
		95E3A3C1209B54FC0058239F /* PBXContainerItemProxy */ = {
			isa = PBXContainerItemProxy;
			containerPortal = 95E3A3A4209B54F90058239F /* Project object */;
			proxyType = 1;
			remoteGlobalIDString = 95E3A3AB209B54F90058239F;
			remoteInfo = Demo_Rule30;
		};
/* End PBXContainerItemProxy section */

/* Begin PBXFileReference section */
		9543483F228D0DBC0060CBFF /* Demo_Rule30_VC_Tests.swift */ = {isa = PBXFileReference; fileEncoding = 4; lastKnownFileType = sourcecode.swift; path = Demo_Rule30_VC_Tests.swift; sourceTree = "<group>"; };
		95434842228E47870060CBFF /* Demo_Rule30_CPV_Tests.swift */ = {isa = PBXFileReference; fileEncoding = 4; lastKnownFileType = sourcecode.swift; path = Demo_Rule30_CPV_Tests.swift; sourceTree = "<group>"; };
		95434849228E53A20060CBFF /* Demo_Rule30_UI_Tests.xctest */ = {isa = PBXFileReference; explicitFileType = wrapper.cfbundle; includeInIndex = 0; path = Demo_Rule30_UI_Tests.xctest; sourceTree = BUILT_PRODUCTS_DIR; };
		9543484B228E53A20060CBFF /* Demo_Rule30_UI_Tests.swift */ = {isa = PBXFileReference; lastKnownFileType = sourcecode.swift; path = Demo_Rule30_UI_Tests.swift; sourceTree = "<group>"; };
		9543484D228E53A20060CBFF /* Info.plist */ = {isa = PBXFileReference; lastKnownFileType = text.plist.xml; path = Info.plist; sourceTree = "<group>"; };
		95BCDD99209B8BA3008BA3A3 /* TableViewCell.swift */ = {isa = PBXFileReference; lastKnownFileType = sourcecode.swift; path = TableViewCell.swift; sourceTree = "<group>"; };
		95BCDD9B209BE63D008BA3A3 /* ColorPickerView.swift */ = {isa = PBXFileReference; lastKnownFileType = sourcecode.swift; path = ColorPickerView.swift; sourceTree = "<group>"; };
		95E3A3AC209B54F90058239F /* Demo_Rule30.app */ = {isa = PBXFileReference; explicitFileType = wrapper.application; includeInIndex = 0; path = Demo_Rule30.app; sourceTree = BUILT_PRODUCTS_DIR; };
		95E3A3AF209B54F90058239F /* AppDelegate.swift */ = {isa = PBXFileReference; lastKnownFileType = sourcecode.swift; path = AppDelegate.swift; sourceTree = "<group>"; };
		95E3A3B1209B54F90058239F /* ViewController.swift */ = {isa = PBXFileReference; lastKnownFileType = sourcecode.swift; path = ViewController.swift; sourceTree = "<group>"; };
		95E3A3B4209B54F90058239F /* Base */ = {isa = PBXFileReference; lastKnownFileType = file.storyboard; name = Base; path = Base.lproj/Main.storyboard; sourceTree = "<group>"; };
		95E3A3B6209B54FB0058239F /* Assets.xcassets */ = {isa = PBXFileReference; lastKnownFileType = folder.assetcatalog; path = Assets.xcassets; sourceTree = "<group>"; };
		95E3A3B9209B54FB0058239F /* Base */ = {isa = PBXFileReference; lastKnownFileType = file.storyboard; name = Base; path = Base.lproj/LaunchScreen.storyboard; sourceTree = "<group>"; };
		95E3A3BB209B54FB0058239F /* Info.plist */ = {isa = PBXFileReference; lastKnownFileType = text.plist.xml; path = Info.plist; sourceTree = "<group>"; };
		95E3A3C0209B54FC0058239F /* Demo_Rule30Tests.xctest */ = {isa = PBXFileReference; explicitFileType = wrapper.cfbundle; includeInIndex = 0; path = Demo_Rule30Tests.xctest; sourceTree = BUILT_PRODUCTS_DIR; };
		95E3A3C4209B54FC0058239F /* Demo_Rule30_Model_Tests.swift */ = {isa = PBXFileReference; lastKnownFileType = sourcecode.swift; path = Demo_Rule30_Model_Tests.swift; sourceTree = "<group>"; };
		95E3A3C6209B54FC0058239F /* Info.plist */ = {isa = PBXFileReference; lastKnownFileType = text.plist.xml; path = Info.plist; sourceTree = "<group>"; };
		95E3A3D2209B561B0058239F /* Rule30Model.swift */ = {isa = PBXFileReference; lastKnownFileType = sourcecode.swift; path = Rule30Model.swift; sourceTree = "<group>"; };
		95E3A3D5209B57780058239F /* Rule30ModelProtocol.swift */ = {isa = PBXFileReference; lastKnownFileType = sourcecode.swift; path = Rule30ModelProtocol.swift; sourceTree = "<group>"; };
/* End PBXFileReference section */

/* Begin PBXFrameworksBuildPhase section */
		95434846228E53A20060CBFF /* Frameworks */ = {
			isa = PBXFrameworksBuildPhase;
			buildActionMask = 2147483647;
			files = (
			);
			runOnlyForDeploymentPostprocessing = 0;
		};
		95E3A3A9209B54F90058239F /* Frameworks */ = {
			isa = PBXFrameworksBuildPhase;
			buildActionMask = 2147483647;
			files = (
			);
			runOnlyForDeploymentPostprocessing = 0;
		};
		95E3A3BD209B54FC0058239F /* Frameworks */ = {
			isa = PBXFrameworksBuildPhase;
			buildActionMask = 2147483647;
			files = (
			);
			runOnlyForDeploymentPostprocessing = 0;
		};
/* End PBXFrameworksBuildPhase section */

/* Begin PBXGroup section */
		9543484A228E53A20060CBFF /* Demo_Rule30_UI_Tests */ = {
			isa = PBXGroup;
			children = (
				9543484B228E53A20060CBFF /* Demo_Rule30_UI_Tests.swift */,
				9543484D228E53A20060CBFF /* Info.plist */,
			);
			path = Demo_Rule30_UI_Tests;
			sourceTree = "<group>";
		};
		95E3A3A3209B54F90058239F = {
			isa = PBXGroup;
			children = (
				95E3A3AE209B54F90058239F /* Demo_Rule30 */,
				95E3A3C3209B54FC0058239F /* Tests */,
				9543484A228E53A20060CBFF /* Demo_Rule30_UI_Tests */,
				95E3A3AD209B54F90058239F /* Products */,
			);
			sourceTree = "<group>";
		};
		95E3A3AD209B54F90058239F /* Products */ = {
			isa = PBXGroup;
			children = (
				95E3A3AC209B54F90058239F /* Demo_Rule30.app */,
				95E3A3C0209B54FC0058239F /* Demo_Rule30Tests.xctest */,
				95434849228E53A20060CBFF /* Demo_Rule30_UI_Tests.xctest */,
			);
			name = Products;
			sourceTree = "<group>";
		};
		95E3A3AE209B54F90058239F /* Demo_Rule30 */ = {
			isa = PBXGroup;
			children = (
				95E3A3D4209B56240058239F /* Model */,
				95E3A3D0209B55D10058239F /* View */,
				95E3A3CF209B55BC0058239F /* Controller */,
				95E3A3D1209B55F10058239F /* Other */,
			);
			path = Demo_Rule30;
			sourceTree = "<group>";
		};
		95E3A3C3209B54FC0058239F /* Tests */ = {
			isa = PBXGroup;
			children = (
				9543483F228D0DBC0060CBFF /* Demo_Rule30_VC_Tests.swift */,
				95E3A3C4209B54FC0058239F /* Demo_Rule30_Model_Tests.swift */,
				95434842228E47870060CBFF /* Demo_Rule30_CPV_Tests.swift */,
				95E3A3C6209B54FC0058239F /* Info.plist */,
			);
			path = Tests;
			sourceTree = "<group>";
		};
		95E3A3CF209B55BC0058239F /* Controller */ = {
			isa = PBXGroup;
			children = (
				95E3A3B1209B54F90058239F /* ViewController.swift */,
			);
			path = Controller;
			sourceTree = "<group>";
		};
		95E3A3D0209B55D10058239F /* View */ = {
			isa = PBXGroup;
			children = (
				95E3A3B6209B54FB0058239F /* Assets.xcassets */,
				95E3A3B8209B54FB0058239F /* LaunchScreen.storyboard */,
				95E3A3B3209B54F90058239F /* Main.storyboard */,
				95BCDD99209B8BA3008BA3A3 /* TableViewCell.swift */,
				95BCDD9B209BE63D008BA3A3 /* ColorPickerView.swift */,
			);
			path = View;
			sourceTree = "<group>";
		};
		95E3A3D1209B55F10058239F /* Other */ = {
			isa = PBXGroup;
			children = (
				95E3A3BB209B54FB0058239F /* Info.plist */,
				95E3A3AF209B54F90058239F /* AppDelegate.swift */,
			);
			path = Other;
			sourceTree = "<group>";
		};
		95E3A3D4209B56240058239F /* Model */ = {
			isa = PBXGroup;
			children = (
				95E3A3D5209B57780058239F /* Rule30ModelProtocol.swift */,
				95E3A3D2209B561B0058239F /* Rule30Model.swift */,
			);
			path = Model;
			sourceTree = "<group>";
		};
/* End PBXGroup section */

/* Begin PBXNativeTarget section */
		95434848228E53A20060CBFF /* Demo_Rule30_UI_Tests */ = {
			isa = PBXNativeTarget;
			buildConfigurationList = 95434850228E53A20060CBFF /* Build configuration list for PBXNativeTarget "Demo_Rule30_UI_Tests" */;
			buildPhases = (
				95434845228E53A20060CBFF /* Sources */,
				95434846228E53A20060CBFF /* Frameworks */,
				95434847228E53A20060CBFF /* Resources */,
			);
			buildRules = (
			);
			dependencies = (
				9543484F228E53A20060CBFF /* PBXTargetDependency */,
			);
			name = Demo_Rule30_UI_Tests;
			productName = Demo_Rule30_UI_Tests;
			productReference = 95434849228E53A20060CBFF /* Demo_Rule30_UI_Tests.xctest */;
			productType = "com.apple.product-type.bundle.ui-testing";
		};
		95E3A3AB209B54F90058239F /* Demo_Rule30 */ = {
			isa = PBXNativeTarget;
			buildConfigurationList = 95E3A3C9209B54FC0058239F /* Build configuration list for PBXNativeTarget "Demo_Rule30" */;
			buildPhases = (
				95E3A3A8209B54F90058239F /* Sources */,
				95E3A3A9209B54F90058239F /* Frameworks */,
				95E3A3AA209B54F90058239F /* Resources */,
			);
			buildRules = (
			);
			dependencies = (
			);
			name = Demo_Rule30;
			productName = Demo_Rule30;
			productReference = 95E3A3AC209B54F90058239F /* Demo_Rule30.app */;
			productType = "com.apple.product-type.application";
		};
		95E3A3BF209B54FC0058239F /* Demo_Rule30Tests */ = {
			isa = PBXNativeTarget;
			buildConfigurationList = 95E3A3CC209B54FC0058239F /* Build configuration list for PBXNativeTarget "Demo_Rule30Tests" */;
			buildPhases = (
				95E3A3BC209B54FC0058239F /* Sources */,
				95E3A3BD209B54FC0058239F /* Frameworks */,
				95E3A3BE209B54FC0058239F /* Resources */,
			);
			buildRules = (
			);
			dependencies = (
				95E3A3C2209B54FC0058239F /* PBXTargetDependency */,
			);
			name = Demo_Rule30Tests;
			productName = Demo_Rule30Tests;
			productReference = 95E3A3C0209B54FC0058239F /* Demo_Rule30Tests.xctest */;
			productType = "com.apple.product-type.bundle.unit-test";
		};
/* End PBXNativeTarget section */

/* Begin PBXProject section */
		95E3A3A4209B54F90058239F /* Project object */ = {
			isa = PBXProject;
			attributes = {
				LastSwiftUpdateCheck = 1010;
				LastUpgradeCheck = 0930;
				ORGANIZATIONNAME = rule30Demo;
				TargetAttributes = {
					95434848228E53A20060CBFF = {
						CreatedOnToolsVersion = 10.1;
						TestTargetID = 95E3A3AB209B54F90058239F;
					};
					95E3A3AB209B54F90058239F = {
						CreatedOnToolsVersion = 9.3;
					};
					95E3A3BF209B54FC0058239F = {
						CreatedOnToolsVersion = 9.3;
						LastSwiftMigration = 1010;
						TestTargetID = 95E3A3AB209B54F90058239F;
					};
				};
			};
			buildConfigurationList = 95E3A3A7209B54F90058239F /* Build configuration list for PBXProject "Demo_Rule30" */;
			compatibilityVersion = "Xcode 9.3";
			developmentRegion = en;
			hasScannedForEncodings = 0;
			knownRegions = (
				en,
				Base,
			);
			mainGroup = 95E3A3A3209B54F90058239F;
			productRefGroup = 95E3A3AD209B54F90058239F /* Products */;
			projectDirPath = "";
			projectRoot = "";
			targets = (
				95E3A3AB209B54F90058239F /* Demo_Rule30 */,
				95E3A3BF209B54FC0058239F /* Demo_Rule30Tests */,
				95434848228E53A20060CBFF /* Demo_Rule30_UI_Tests */,
			);
		};
/* End PBXProject section */

/* Begin PBXResourcesBuildPhase section */
		95434847228E53A20060CBFF /* Resources */ = {
			isa = PBXResourcesBuildPhase;
			buildActionMask = 2147483647;
			files = (
			);
			runOnlyForDeploymentPostprocessing = 0;
		};
		95E3A3AA209B54F90058239F /* Resources */ = {
			isa = PBXResourcesBuildPhase;
			buildActionMask = 2147483647;
			files = (
				95E3A3BA209B54FB0058239F /* LaunchScreen.storyboard in Resources */,
				95E3A3B7209B54FB0058239F /* Assets.xcassets in Resources */,
				95E3A3B5209B54F90058239F /* Main.storyboard in Resources */,
			);
			runOnlyForDeploymentPostprocessing = 0;
		};
		95E3A3BE209B54FC0058239F /* Resources */ = {
			isa = PBXResourcesBuildPhase;
			buildActionMask = 2147483647;
			files = (
			);
			runOnlyForDeploymentPostprocessing = 0;
		};
/* End PBXResourcesBuildPhase section */

/* Begin PBXSourcesBuildPhase section */
		95434845228E53A20060CBFF /* Sources */ = {
			isa = PBXSourcesBuildPhase;
			buildActionMask = 2147483647;
			files = (
				9543484C228E53A20060CBFF /* Demo_Rule30_UI_Tests.swift in Sources */,
			);
			runOnlyForDeploymentPostprocessing = 0;
		};
		95E3A3A8209B54F90058239F /* Sources */ = {
			isa = PBXSourcesBuildPhase;
			buildActionMask = 2147483647;
			files = (
				95BCDD9A209B8BA3008BA3A3 /* TableViewCell.swift in Sources */,
				95E3A3D3209B561B0058239F /* Rule30Model.swift in Sources */,
				95E3A3B2209B54F90058239F /* ViewController.swift in Sources */,
				95E3A3D6209B57780058239F /* Rule30ModelProtocol.swift in Sources */,
				95E3A3B0209B54F90058239F /* AppDelegate.swift in Sources */,
				95BCDD9C209BE63D008BA3A3 /* ColorPickerView.swift in Sources */,
			);
			runOnlyForDeploymentPostprocessing = 0;
		};
		95E3A3BC209B54FC0058239F /* Sources */ = {
			isa = PBXSourcesBuildPhase;
			buildActionMask = 2147483647;
			files = (
				95434841228D0FDF0060CBFF /* Demo_Rule30_VC_Tests.swift in Sources */,
				95434844228E479C0060CBFF /* Demo_Rule30_CPV_Tests.swift in Sources */,
				95E3A3C5209B54FC0058239F /* Demo_Rule30_Model_Tests.swift in Sources */,
			);
			runOnlyForDeploymentPostprocessing = 0;
		};
/* End PBXSourcesBuildPhase section */

/* Begin PBXTargetDependency section */
		9543484F228E53A20060CBFF /* PBXTargetDependency */ = {
			isa = PBXTargetDependency;
			target = 95E3A3AB209B54F90058239F /* Demo_Rule30 */;
			targetProxy = 9543484E228E53A20060CBFF /* PBXContainerItemProxy */;
		};
		95E3A3C2209B54FC0058239F /* PBXTargetDependency */ = {
			isa = PBXTargetDependency;
			target = 95E3A3AB209B54F90058239F /* Demo_Rule30 */;
			targetProxy = 95E3A3C1209B54FC0058239F /* PBXContainerItemProxy */;
		};
/* End PBXTargetDependency section */

/* Begin PBXVariantGroup section */
		95E3A3B3209B54F90058239F /* Main.storyboard */ = {
			isa = PBXVariantGroup;
			children = (
				95E3A3B4209B54F90058239F /* Base */,
			);
			name = Main.storyboard;
			sourceTree = "<group>";
		};
		95E3A3B8209B54FB0058239F /* LaunchScreen.storyboard */ = {
			isa = PBXVariantGroup;
			children = (
				95E3A3B9209B54FB0058239F /* Base */,
			);
			name = LaunchScreen.storyboard;
			sourceTree = "<group>";
		};
/* End PBXVariantGroup section */

/* Begin XCBuildConfiguration section */
		95434851228E53A20060CBFF /* Debug */ = {
			isa = XCBuildConfiguration;
			buildSettings = {
				CODE_SIGN_STYLE = Automatic;
				DEVELOPMENT_TEAM = KM4Q5Z4QE8;
				INFOPLIST_FILE = Demo_Rule30_UI_Tests/Info.plist;
				IPHONEOS_DEPLOYMENT_TARGET = 12.1;
				LD_RUNPATH_SEARCH_PATHS = (
					"$(inherited)",
					"@executable_path/Frameworks",
					"@loader_path/Frameworks",
				);
				MTL_ENABLE_DEBUG_INFO = INCLUDE_SOURCE;
				MTL_FAST_MATH = YES;
				PRODUCT_BUNDLE_IDENTIFIER = "spicer.Demo-Rule30-UI-Tests";
				PRODUCT_NAME = "$(TARGET_NAME)";
				SWIFT_VERSION = 4.2;
				TARGETED_DEVICE_FAMILY = "1,2";
				TEST_TARGET_NAME = Demo_Rule30;
			};
			name = Debug;
		};
		95434852228E53A20060CBFF /* Release */ = {
			isa = XCBuildConfiguration;
			buildSettings = {
				CODE_SIGN_STYLE = Automatic;
				DEVELOPMENT_TEAM = KM4Q5Z4QE8;
				INFOPLIST_FILE = Demo_Rule30_UI_Tests/Info.plist;
				IPHONEOS_DEPLOYMENT_TARGET = 12.1;
				LD_RUNPATH_SEARCH_PATHS = (
					"$(inherited)",
					"@executable_path/Frameworks",
					"@loader_path/Frameworks",
				);
				MTL_FAST_MATH = YES;
				PRODUCT_BUNDLE_IDENTIFIER = "spicer.Demo-Rule30-UI-Tests";
				PRODUCT_NAME = "$(TARGET_NAME)";
				SWIFT_VERSION = 4.2;
				TARGETED_DEVICE_FAMILY = "1,2";
				TEST_TARGET_NAME = Demo_Rule30;
			};
			name = Release;
		};
		95E3A3C7209B54FC0058239F /* Debug */ = {
			isa = XCBuildConfiguration;
			buildSettings = {
				ALWAYS_SEARCH_USER_PATHS = NO;
				CLANG_ANALYZER_NONNULL = YES;
				CLANG_ANALYZER_NUMBER_OBJECT_CONVERSION = YES_AGGRESSIVE;
				CLANG_CXX_LANGUAGE_STANDARD = "gnu++14";
				CLANG_CXX_LIBRARY = "libc++";
				CLANG_ENABLE_MODULES = YES;
				CLANG_ENABLE_OBJC_ARC = YES;
				CLANG_ENABLE_OBJC_WEAK = YES;
				CLANG_WARN_BLOCK_CAPTURE_AUTORELEASING = YES;
				CLANG_WARN_BOOL_CONVERSION = YES;
				CLANG_WARN_COMMA = YES;
				CLANG_WARN_CONSTANT_CONVERSION = YES;
				CLANG_WARN_DEPRECATED_OBJC_IMPLEMENTATIONS = YES;
				CLANG_WARN_DIRECT_OBJC_ISA_USAGE = YES_ERROR;
				CLANG_WARN_DOCUMENTATION_COMMENTS = YES;
				CLANG_WARN_EMPTY_BODY = YES;
				CLANG_WARN_ENUM_CONVERSION = YES;
				CLANG_WARN_INFINITE_RECURSION = YES;
				CLANG_WARN_INT_CONVERSION = YES;
				CLANG_WARN_NON_LITERAL_NULL_CONVERSION = YES;
				CLANG_WARN_OBJC_IMPLICIT_RETAIN_SELF = YES;
				CLANG_WARN_OBJC_LITERAL_CONVERSION = YES;
				CLANG_WARN_OBJC_ROOT_CLASS = YES_ERROR;
				CLANG_WARN_RANGE_LOOP_ANALYSIS = YES;
				CLANG_WARN_STRICT_PROTOTYPES = YES;
				CLANG_WARN_SUSPICIOUS_MOVE = YES;
				CLANG_WARN_UNGUARDED_AVAILABILITY = YES_AGGRESSIVE;
				CLANG_WARN_UNREACHABLE_CODE = YES;
				CLANG_WARN__DUPLICATE_METHOD_MATCH = YES;
				CODE_SIGN_IDENTITY = "iPhone Developer";
				COPY_PHASE_STRIP = NO;
				DEBUG_INFORMATION_FORMAT = dwarf;
				ENABLE_STRICT_OBJC_MSGSEND = YES;
				ENABLE_TESTABILITY = YES;
				GCC_C_LANGUAGE_STANDARD = gnu11;
				GCC_DYNAMIC_NO_PIC = NO;
				GCC_NO_COMMON_BLOCKS = YES;
				GCC_OPTIMIZATION_LEVEL = 0;
				GCC_PREPROCESSOR_DEFINITIONS = (
					"DEBUG=1",
					"$(inherited)",
				);
				GCC_WARN_64_TO_32_BIT_CONVERSION = YES;
				GCC_WARN_ABOUT_RETURN_TYPE = YES_ERROR;
				GCC_WARN_UNDECLARED_SELECTOR = YES;
				GCC_WARN_UNINITIALIZED_AUTOS = YES_AGGRESSIVE;
				GCC_WARN_UNUSED_FUNCTION = YES;
				GCC_WARN_UNUSED_VARIABLE = YES;
				IPHONEOS_DEPLOYMENT_TARGET = 11.3;
				MTL_ENABLE_DEBUG_INFO = YES;
				ONLY_ACTIVE_ARCH = YES;
				SDKROOT = iphoneos;
				SWIFT_ACTIVE_COMPILATION_CONDITIONS = DEBUG;
				SWIFT_OPTIMIZATION_LEVEL = "-Onone";
				SWIFT_VERSION = 4.2;
			};
			name = Debug;
		};
		95E3A3C8209B54FC0058239F /* Release */ = {
			isa = XCBuildConfiguration;
			buildSettings = {
				ALWAYS_SEARCH_USER_PATHS = NO;
				CLANG_ANALYZER_NONNULL = YES;
				CLANG_ANALYZER_NUMBER_OBJECT_CONVERSION = YES_AGGRESSIVE;
				CLANG_CXX_LANGUAGE_STANDARD = "gnu++14";
				CLANG_CXX_LIBRARY = "libc++";
				CLANG_ENABLE_MODULES = YES;
				CLANG_ENABLE_OBJC_ARC = YES;
				CLANG_ENABLE_OBJC_WEAK = YES;
				CLANG_WARN_BLOCK_CAPTURE_AUTORELEASING = YES;
				CLANG_WARN_BOOL_CONVERSION = YES;
				CLANG_WARN_COMMA = YES;
				CLANG_WARN_CONSTANT_CONVERSION = YES;
				CLANG_WARN_DEPRECATED_OBJC_IMPLEMENTATIONS = YES;
				CLANG_WARN_DIRECT_OBJC_ISA_USAGE = YES_ERROR;
				CLANG_WARN_DOCUMENTATION_COMMENTS = YES;
				CLANG_WARN_EMPTY_BODY = YES;
				CLANG_WARN_ENUM_CONVERSION = YES;
				CLANG_WARN_INFINITE_RECURSION = YES;
				CLANG_WARN_INT_CONVERSION = YES;
				CLANG_WARN_NON_LITERAL_NULL_CONVERSION = YES;
				CLANG_WARN_OBJC_IMPLICIT_RETAIN_SELF = YES;
				CLANG_WARN_OBJC_LITERAL_CONVERSION = YES;
				CLANG_WARN_OBJC_ROOT_CLASS = YES_ERROR;
				CLANG_WARN_RANGE_LOOP_ANALYSIS = YES;
				CLANG_WARN_STRICT_PROTOTYPES = YES;
				CLANG_WARN_SUSPICIOUS_MOVE = YES;
				CLANG_WARN_UNGUARDED_AVAILABILITY = YES_AGGRESSIVE;
				CLANG_WARN_UNREACHABLE_CODE = YES;
				CLANG_WARN__DUPLICATE_METHOD_MATCH = YES;
				CODE_SIGN_IDENTITY = "iPhone Developer";
				COPY_PHASE_STRIP = NO;
				DEBUG_INFORMATION_FORMAT = "dwarf-with-dsym";
				ENABLE_NS_ASSERTIONS = NO;
				ENABLE_STRICT_OBJC_MSGSEND = YES;
				GCC_C_LANGUAGE_STANDARD = gnu11;
				GCC_NO_COMMON_BLOCKS = YES;
				GCC_WARN_64_TO_32_BIT_CONVERSION = YES;
				GCC_WARN_ABOUT_RETURN_TYPE = YES_ERROR;
				GCC_WARN_UNDECLARED_SELECTOR = YES;
				GCC_WARN_UNINITIALIZED_AUTOS = YES_AGGRESSIVE;
				GCC_WARN_UNUSED_FUNCTION = YES;
				GCC_WARN_UNUSED_VARIABLE = YES;
				IPHONEOS_DEPLOYMENT_TARGET = 11.3;
				MTL_ENABLE_DEBUG_INFO = NO;
				SDKROOT = iphoneos;
				SWIFT_COMPILATION_MODE = wholemodule;
				SWIFT_OPTIMIZATION_LEVEL = "-O";
				SWIFT_VERSION = 4.2;
				VALIDATE_PRODUCT = YES;
			};
			name = Release;
		};
		95E3A3CA209B54FC0058239F /* Debug */ = {
			isa = XCBuildConfiguration;
			buildSettings = {
				ASSETCATALOG_COMPILER_APPICON_NAME = AppIcon;
				CODE_SIGN_STYLE = Automatic;
				DEVELOPMENT_TEAM = KM4Q5Z4QE8;
				INFOPLIST_FILE = "$(SRCROOT)/Demo_Rule30/Other/Info.plist";
				LD_RUNPATH_SEARCH_PATHS = (
					"$(inherited)",
					"@executable_path/Frameworks",
				);
				PRODUCT_BUNDLE_IDENTIFIER = "rule30Demo.Demo-Rule30";
				PRODUCT_NAME = "$(TARGET_NAME)";
				SWIFT_VERSION = 4.2;
				TARGETED_DEVICE_FAMILY = "1,2";
			};
			name = Debug;
		};
		95E3A3CB209B54FC0058239F /* Release */ = {
			isa = XCBuildConfiguration;
			buildSettings = {
				ASSETCATALOG_COMPILER_APPICON_NAME = AppIcon;
				CODE_SIGN_STYLE = Automatic;
				DEVELOPMENT_TEAM = KM4Q5Z4QE8;
				INFOPLIST_FILE = "$(SRCROOT)/Demo_Rule30/Other/Info.plist";
				LD_RUNPATH_SEARCH_PATHS = (
					"$(inherited)",
					"@executable_path/Frameworks",
				);
				PRODUCT_BUNDLE_IDENTIFIER = "rule30Demo.Demo-Rule30";
				PRODUCT_NAME = "$(TARGET_NAME)";
				SWIFT_VERSION = 4.2;
				TARGETED_DEVICE_FAMILY = "1,2";
			};
			name = Release;
		};
		95E3A3CD209B54FC0058239F /* Debug */ = {
			isa = XCBuildConfiguration;
			buildSettings = {
				ALWAYS_EMBED_SWIFT_STANDARD_LIBRARIES = YES;
				BUNDLE_LOADER = "$(TEST_HOST)";
				CODE_SIGN_STYLE = Automatic;
				DEVELOPMENT_TEAM = KM4Q5Z4QE8;
				INFOPLIST_FILE = Tests/Info.plist;
				LD_RUNPATH_SEARCH_PATHS = (
					"$(inherited)",
					"@executable_path/Frameworks",
					"@loader_path/Frameworks",
				);
				PRODUCT_BUNDLE_IDENTIFIER = "rule30Demo.Demo-Rule30Tests";
				PRODUCT_NAME = "$(TARGET_NAME)";
				SWIFT_VERSION = 4.2;
				TARGETED_DEVICE_FAMILY = "1,2";
				TEST_HOST = "$(BUILT_PRODUCTS_DIR)/Demo_Rule30.app/Demo_Rule30";
			};
			name = Debug;
		};
		95E3A3CE209B54FC0058239F /* Release */ = {
			isa = XCBuildConfiguration;
			buildSettings = {
				ALWAYS_EMBED_SWIFT_STANDARD_LIBRARIES = YES;
				BUNDLE_LOADER = "$(TEST_HOST)";
				CODE_SIGN_STYLE = Automatic;
				DEVELOPMENT_TEAM = KM4Q5Z4QE8;
				INFOPLIST_FILE = Tests/Info.plist;
				LD_RUNPATH_SEARCH_PATHS = (
					"$(inherited)",
					"@executable_path/Frameworks",
					"@loader_path/Frameworks",
				);
				PRODUCT_BUNDLE_IDENTIFIER = "rule30Demo.Demo-Rule30Tests";
				PRODUCT_NAME = "$(TARGET_NAME)";
				SWIFT_VERSION = 4.2;
				TARGETED_DEVICE_FAMILY = "1,2";
				TEST_HOST = "$(BUILT_PRODUCTS_DIR)/Demo_Rule30.app/Demo_Rule30";
			};
			name = Release;
		};
/* End XCBuildConfiguration section */

/* Begin XCConfigurationList section */
		95434850228E53A20060CBFF /* Build configuration list for PBXNativeTarget "Demo_Rule30_UI_Tests" */ = {
			isa = XCConfigurationList;
			buildConfigurations = (
				95434851228E53A20060CBFF /* Debug */,
				95434852228E53A20060CBFF /* Release */,
			);
			defaultConfigurationIsVisible = 0;
			defaultConfigurationName = Release;
		};
		95E3A3A7209B54F90058239F /* Build configuration list for PBXProject "Demo_Rule30" */ = {
			isa = XCConfigurationList;
			buildConfigurations = (
				95E3A3C7209B54FC0058239F /* Debug */,
				95E3A3C8209B54FC0058239F /* Release */,
			);
			defaultConfigurationIsVisible = 0;
			defaultConfigurationName = Release;
		};
		95E3A3C9209B54FC0058239F /* Build configuration list for PBXNativeTarget "Demo_Rule30" */ = {
			isa = XCConfigurationList;
			buildConfigurations = (
				95E3A3CA209B54FC0058239F /* Debug */,
				95E3A3CB209B54FC0058239F /* Release */,
			);
			defaultConfigurationIsVisible = 0;
			defaultConfigurationName = Release;
		};
		95E3A3CC209B54FC0058239F /* Build configuration list for PBXNativeTarget "Demo_Rule30Tests" */ = {
			isa = XCConfigurationList;
			buildConfigurations = (
				95E3A3CD209B54FC0058239F /* Debug */,
				95E3A3CE209B54FC0058239F /* Release */,
			);
			defaultConfigurationIsVisible = 0;
			defaultConfigurationName = Release;
		};
/* End XCConfigurationList section */
	};
	rootObject = 95E3A3A4209B54F90058239F /* Project object */;
}
